PODS:
  - Flutter (1.0.0)
  - notification_center (0.0.1):
    - Flutter

DEPENDENCIES:
  - Flutter (from `.symlinks/flutter/ios`)
  - notification_center (from `.symlinks/plugins/notification_center/ios`)

EXTERNAL SOURCES:
  Flutter:
    :path: ".symlinks/flutter/ios"
  notification_center:
    :path: ".symlinks/plugins/notification_center/ios"

SPEC CHECKSUMS:
  Flutter: 58dd7d1b27887414a370fcccb9e645c08ffd7a6a
  notification_center: f52c5d97caa627b90611e893a84cbb9344ef4ad0

PODFILE CHECKSUM: ebd43b443038e611b86ede96e613bd6033c49497

COCOAPODS: 1.6.1
